
Microsoft Visual Studio Solution File, Format Version 12.00
# Visual Studio Version 17
VisualStudioVersion = 17.0.31903.59
MinimumVisualStudioVersion = 10.0.40219.1
Project("{2150E333-8FDC-42A3-9474-1A3956D46DE8}") = "src", "src", "{827E0CD3-B72D-47B6-A68D-7590B98EB39B}"
EndProject
Project("{2150E333-8FDC-42A3-9474-1A3956D46DE8}") = "test", "test", "{0C88DD14-F956-CE84-757C-A364CCF449FC}"
EndProject
Project("{FAE04EC0-301F-11D3-BF4B-00C04F79EFBC}") = "MicroChassis", "src\MicroChassis\MicroChassis.csproj", "{39066CB3-103B-43C3-A511-35FE4F175D59}"
EndProject
Project("{FAE04EC0-301F-11D3-BF4B-00C04F79EFBC}") = "MicroChassis.Tests", "test\MicroChassis.Tests\MicroChassis.Tests.csproj", "{E81897B9-41EA-40BA-929E-A9FCD934BFE9}"
EndProject
Project("{FAE04EC0-301F-11D3-BF4B-00C04F79EFBC}") = "MicroChassis.AspNetCore", "src\MicroChassis.AspNetCore\MicroChassis.AspNetCore.csproj", "{14450616-B353-46E0-A592-8DFE8D8A1751}"
EndProject
Project("{FAE04EC0-301F-11D3-BF4B-00C04F79EFBC}") = "MicroChassis.NETCore", "src\MicroChassis.NETCore\MicroChassis.NETCore.csproj", "{6ED16F15-C5AC-464E-BD1D-7B0C1639B803}"
EndProject
Project("{FAE04EC0-301F-11D3-BF4B-00C04F79EFBC}") = "MicroChassis.AspNetCore.Tests", "test\MicroChassis.AspNetCore.Tests\MicroChassis.AspNetCore.Tests.csproj", "{0EC74B25-0D73-40E3-8C02-8AE9227FB3E2}"
EndProject
Project("{FAE04EC0-301F-11D3-BF4B-00C04F79EFBC}") = "MicroChassis.NETCore.Tests", "test\MicroChassis.NETCore.Tests\MicroChassis.NETCore.Tests.csproj", "{5FA0F1DE-0194-431C-8C92-7B0D0F710001}"
EndProject
Project("{2150E333-8FDC-42A3-9474-1A3956D46DE8}") = "samples", "samples", "{5D20AA90-6969-D8BD-9DCD-8634F4692FDA}"
EndProject
Project("{FAE04EC0-301F-11D3-BF4B-00C04F79EFBC}") = "Company.Project.MicroService", "samples\Company.Project.MicroService\Company.Project.MicroService.csproj", "{5D396EB3-8340-4F3D-9190-765CEED9C11F}"
EndProject
Project("{FAE04EC0-301F-11D3-BF4B-00C04F79EFBC}") = "Company.MicroChassis.AspNetCore", "samples\Company.MicroChassis.AspNetCore\Company.MicroChassis.AspNetCore.csproj", "{C292D2F4-D9BC-48A9-B7E0-BCB8C48B8A0C}"
EndProject
Project("{FAE04EC0-301F-11D3-BF4B-00C04F79EFBC}") = "Company.MicroModules.Redis", "samples\Company.MicroModules.Redis\Company.MicroModules.Redis.csproj", "{0902EDA1-FC2E-4736-B42A-5D2E5D801E60}"
EndProject
Global
	GlobalSection(SolutionConfigurationPlatforms) = preSolution
		Debug|Any CPU = Debug|Any CPU
		Debug|x64 = Debug|x64
		Debug|x86 = Debug|x86
		Release|Any CPU = Release|Any CPU
		Release|x64 = Release|x64
		Release|x86 = Release|x86
	EndGlobalSection
	GlobalSection(ProjectConfigurationPlatforms) = postSolution
		{39066CB3-103B-43C3-A511-35FE4F175D59}.Debug|Any CPU.ActiveCfg = Debug|Any CPU
		{39066CB3-103B-43C3-A511-35FE4F175D59}.Debug|Any CPU.Build.0 = Debug|Any CPU
		{39066CB3-103B-43C3-A511-35FE4F175D59}.Debug|x64.ActiveCfg = Debug|Any CPU
		{39066CB3-103B-43C3-A511-35FE4F175D59}.Debug|x64.Build.0 = Debug|Any CPU
		{39066CB3-103B-43C3-A511-35FE4F175D59}.Debug|x86.ActiveCfg = Debug|Any CPU
		{39066CB3-103B-43C3-A511-35FE4F175D59}.Debug|x86.Build.0 = Debug|Any CPU
		{39066CB3-103B-43C3-A511-35FE4F175D59}.Release|Any CPU.ActiveCfg = Release|Any CPU
		{39066CB3-103B-43C3-A511-35FE4F175D59}.Release|Any CPU.Build.0 = Release|Any CPU
		{39066CB3-103B-43C3-A511-35FE4F175D59}.Release|x64.ActiveCfg = Release|Any CPU
		{39066CB3-103B-43C3-A511-35FE4F175D59}.Release|x64.Build.0 = Release|Any CPU
		{39066CB3-103B-43C3-A511-35FE4F175D59}.Release|x86.ActiveCfg = Release|Any CPU
		{39066CB3-103B-43C3-A511-35FE4F175D59}.Release|x86.Build.0 = Release|Any CPU
		{E81897B9-41EA-40BA-929E-A9FCD934BFE9}.Debug|Any CPU.ActiveCfg = Debug|Any CPU
		{E81897B9-41EA-40BA-929E-A9FCD934BFE9}.Debug|Any CPU.Build.0 = Debug|Any CPU
		{E81897B9-41EA-40BA-929E-A9FCD934BFE9}.Debug|x64.ActiveCfg = Debug|Any CPU
		{E81897B9-41EA-40BA-929E-A9FCD934BFE9}.Debug|x64.Build.0 = Debug|Any CPU
		{E81897B9-41EA-40BA-929E-A9FCD934BFE9}.Debug|x86.ActiveCfg = Debug|Any CPU
		{E81897B9-41EA-40BA-929E-A9FCD934BFE9}.Debug|x86.Build.0 = Debug|Any CPU
		{E81897B9-41EA-40BA-929E-A9FCD934BFE9}.Release|Any CPU.ActiveCfg = Release|Any CPU
		{E81897B9-41EA-40BA-929E-A9FCD934BFE9}.Release|Any CPU.Build.0 = Release|Any CPU
		{E81897B9-41EA-40BA-929E-A9FCD934BFE9}.Release|x64.ActiveCfg = Release|Any CPU
		{E81897B9-41EA-40BA-929E-A9FCD934BFE9}.Release|x64.Build.0 = Release|Any CPU
		{E81897B9-41EA-40BA-929E-A9FCD934BFE9}.Release|x86.ActiveCfg = Release|Any CPU
		{E81897B9-41EA-40BA-929E-A9FCD934BFE9}.Release|x86.Build.0 = Release|Any CPU
		{14450616-B353-46E0-A592-8DFE8D8A1751}.Debug|Any CPU.ActiveCfg = Debug|Any CPU
		{14450616-B353-46E0-A592-8DFE8D8A1751}.Debug|Any CPU.Build.0 = Debug|Any CPU
		{14450616-B353-46E0-A592-8DFE8D8A1751}.Debug|x64.ActiveCfg = Debug|Any CPU
		{14450616-B353-46E0-A592-8DFE8D8A1751}.Debug|x64.Build.0 = Debug|Any CPU
		{14450616-B353-46E0-A592-8DFE8D8A1751}.Debug|x86.ActiveCfg = Debug|Any CPU
		{14450616-B353-46E0-A592-8DFE8D8A1751}.Debug|x86.Build.0 = Debug|Any CPU
		{14450616-B353-46E0-A592-8DFE8D8A1751}.Release|Any CPU.ActiveCfg = Release|Any CPU
		{14450616-B353-46E0-A592-8DFE8D8A1751}.Release|Any CPU.Build.0 = Release|Any CPU
		{14450616-B353-46E0-A592-8DFE8D8A1751}.Release|x64.ActiveCfg = Release|Any CPU
		{14450616-B353-46E0-A592-8DFE8D8A1751}.Release|x64.Build.0 = Release|Any CPU
		{14450616-B353-46E0-A592-8DFE8D8A1751}.Release|x86.ActiveCfg = Release|Any CPU
		{14450616-B353-46E0-A592-8DFE8D8A1751}.Release|x86.Build.0 = Release|Any CPU
		{6ED16F15-C5AC-464E-BD1D-7B0C1639B803}.Debug|Any CPU.ActiveCfg = Debug|Any CPU
		{6ED16F15-C5AC-464E-BD1D-7B0C1639B803}.Debug|Any CPU.Build.0 = Debug|Any CPU
		{6ED16F15-C5AC-464E-BD1D-7B0C1639B803}.Debug|x64.ActiveCfg = Debug|Any CPU
		{6ED16F15-C5AC-464E-BD1D-7B0C1639B803}.Debug|x64.Build.0 = Debug|Any CPU
		{6ED16F15-C5AC-464E-BD1D-7B0C1639B803}.Debug|x86.ActiveCfg = Debug|Any CPU
		{6ED16F15-C5AC-464E-BD1D-7B0C1639B803}.Debug|x86.Build.0 = Debug|Any CPU
		{6ED16F15-C5AC-464E-BD1D-7B0C1639B803}.Release|Any CPU.ActiveCfg = Release|Any CPU
		{6ED16F15-C5AC-464E-BD1D-7B0C1639B803}.Release|Any CPU.Build.0 = Release|Any CPU
		{6ED16F15-C5AC-464E-BD1D-7B0C1639B803}.Release|x64.ActiveCfg = Release|Any CPU
		{6ED16F15-C5AC-464E-BD1D-7B0C1639B803}.Release|x64.Build.0 = Release|Any CPU
		{6ED16F15-C5AC-464E-BD1D-7B0C1639B803}.Release|x86.ActiveCfg = Release|Any CPU
		{6ED16F15-C5AC-464E-BD1D-7B0C1639B803}.Release|x86.Build.0 = Release|Any CPU
		{0EC74B25-0D73-40E3-8C02-8AE9227FB3E2}.Debug|Any CPU.ActiveCfg = Debug|Any CPU
		{0EC74B25-0D73-40E3-8C02-8AE9227FB3E2}.Debug|Any CPU.Build.0 = Debug|Any CPU
		{0EC74B25-0D73-40E3-8C02-8AE9227FB3E2}.Debug|x64.ActiveCfg = Debug|Any CPU
		{0EC74B25-0D73-40E3-8C02-8AE9227FB3E2}.Debug|x64.Build.0 = Debug|Any CPU
		{0EC74B25-0D73-40E3-8C02-8AE9227FB3E2}.Debug|x86.ActiveCfg = Debug|Any CPU
		{0EC74B25-0D73-40E3-8C02-8AE9227FB3E2}.Debug|x86.Build.0 = Debug|Any CPU
		{0EC74B25-0D73-40E3-8C02-8AE9227FB3E2}.Release|Any CPU.ActiveCfg = Release|Any CPU
		{0EC74B25-0D73-40E3-8C02-8AE9227FB3E2}.Release|Any CPU.Build.0 = Release|Any CPU
		{0EC74B25-0D73-40E3-8C02-8AE9227FB3E2}.Release|x64.ActiveCfg = Release|Any CPU
		{0EC74B25-0D73-40E3-8C02-8AE9227FB3E2}.Release|x64.Build.0 = Release|Any CPU
		{0EC74B25-0D73-40E3-8C02-8AE9227FB3E2}.Release|x86.ActiveCfg = Release|Any CPU
		{0EC74B25-0D73-40E3-8C02-8AE9227FB3E2}.Release|x86.Build.0 = Release|Any CPU
		{5FA0F1DE-0194-431C-8C92-7B0D0F710001}.Debug|Any CPU.ActiveCfg = Debug|Any CPU
		{5FA0F1DE-0194-431C-8C92-7B0D0F710001}.Debug|Any CPU.Build.0 = Debug|Any CPU
		{5FA0F1DE-0194-431C-8C92-7B0D0F710001}.Debug|x64.ActiveCfg = Debug|Any CPU
		{5FA0F1DE-0194-431C-8C92-7B0D0F710001}.Debug|x64.Build.0 = Debug|Any CPU
		{5FA0F1DE-0194-431C-8C92-7B0D0F710001}.Debug|x86.ActiveCfg = Debug|Any CPU
		{5FA0F1DE-0194-431C-8C92-7B0D0F710001}.Debug|x86.Build.0 = Debug|Any CPU
		{5FA0F1DE-0194-431C-8C92-7B0D0F710001}.Release|Any CPU.ActiveCfg = Release|Any CPU
		{5FA0F1DE-0194-431C-8C92-7B0D0F710001}.Release|Any CPU.Build.0 = Release|Any CPU
		{5FA0F1DE-0194-431C-8C92-7B0D0F710001}.Release|x64.ActiveCfg = Release|Any CPU
		{5FA0F1DE-0194-431C-8C92-7B0D0F710001}.Release|x64.Build.0 = Release|Any CPU
		{5FA0F1DE-0194-431C-8C92-7B0D0F710001}.Release|x86.ActiveCfg = Release|Any CPU
		{5FA0F1DE-0194-431C-8C92-7B0D0F710001}.Release|x86.Build.0 = Release|Any CPU
		{5D396EB3-8340-4F3D-9190-765CEED9C11F}.Debug|Any CPU.ActiveCfg = Debug|Any CPU
		{5D396EB3-8340-4F3D-9190-765CEED9C11F}.Debug|Any CPU.Build.0 = Debug|Any CPU
		{5D396EB3-8340-4F3D-9190-765CEED9C11F}.Debug|x64.ActiveCfg = Debug|Any CPU
		{5D396EB3-8340-4F3D-9190-765CEED9C11F}.Debug|x64.Build.0 = Debug|Any CPU
		{5D396EB3-8340-4F3D-9190-765CEED9C11F}.Debug|x86.ActiveCfg = Debug|Any CPU
		{5D396EB3-8340-4F3D-9190-765CEED9C11F}.Debug|x86.Build.0 = Debug|Any CPU
		{5D396EB3-8340-4F3D-9190-765CEED9C11F}.Release|Any CPU.ActiveCfg = Release|Any CPU
		{5D396EB3-8340-4F3D-9190-765CEED9C11F}.Release|Any CPU.Build.0 = Release|Any CPU
		{5D396EB3-8340-4F3D-9190-765CEED9C11F}.Release|x64.ActiveCfg = Release|Any CPU
		{5D396EB3-8340-4F3D-9190-765CEED9C11F}.Release|x64.Build.0 = Release|Any CPU
		{5D396EB3-8340-4F3D-9190-765CEED9C11F}.Release|x86.ActiveCfg = Release|Any CPU
		{5D396EB3-8340-4F3D-9190-765CEED9C11F}.Release|x86.Build.0 = Release|Any CPU
		{C292D2F4-D9BC-48A9-B7E0-BCB8C48B8A0C}.Debug|Any CPU.ActiveCfg = Debug|Any CPU
		{C292D2F4-D9BC-48A9-B7E0-BCB8C48B8A0C}.Debug|Any CPU.Build.0 = Debug|Any CPU
		{C292D2F4-D9BC-48A9-B7E0-BCB8C48B8A0C}.Debug|x64.ActiveCfg = Debug|Any CPU
		{C292D2F4-D9BC-48A9-B7E0-BCB8C48B8A0C}.Debug|x64.Build.0 = Debug|Any CPU
		{C292D2F4-D9BC-48A9-B7E0-BCB8C48B8A0C}.Debug|x86.ActiveCfg = Debug|Any CPU
		{C292D2F4-D9BC-48A9-B7E0-BCB8C48B8A0C}.Debug|x86.Build.0 = Debug|Any CPU
		{C292D2F4-D9BC-48A9-B7E0-BCB8C48B8A0C}.Release|Any CPU.ActiveCfg = Release|Any CPU
		{C292D2F4-D9BC-48A9-B7E0-BCB8C48B8A0C}.Release|Any CPU.Build.0 = Release|Any CPU
		{C292D2F4-D9BC-48A9-B7E0-BCB8C48B8A0C}.Release|x64.ActiveCfg = Release|Any CPU
		{C292D2F4-D9BC-48A9-B7E0-BCB8C48B8A0C}.Release|x64.Build.0 = Release|Any CPU
		{C292D2F4-D9BC-48A9-B7E0-BCB8C48B8A0C}.Release|x86.ActiveCfg = Release|Any CPU
		{C292D2F4-D9BC-48A9-B7E0-BCB8C48B8A0C}.Release|x86.Build.0 = Release|Any CPU
		{0902EDA1-FC2E-4736-B42A-5D2E5D801E60}.Debug|Any CPU.ActiveCfg = Debug|Any CPU
		{0902EDA1-FC2E-4736-B42A-5D2E5D801E60}.Debug|Any CPU.Build.0 = Debug|Any CPU
		{0902EDA1-FC2E-4736-B42A-5D2E5D801E60}.Debug|x64.ActiveCfg = Debug|Any CPU
		{0902EDA1-FC2E-4736-B42A-5D2E5D801E60}.Debug|x64.Build.0 = Debug|Any CPU
		{0902EDA1-FC2E-4736-B42A-5D2E5D801E60}.Debug|x86.ActiveCfg = Debug|Any CPU
		{0902EDA1-FC2E-4736-B42A-5D2E5D801E60}.Debug|x86.Build.0 = Debug|Any CPU
		{0902EDA1-FC2E-4736-B42A-5D2E5D801E60}.Release|Any CPU.ActiveCfg = Release|Any CPU
		{0902EDA1-FC2E-4736-B42A-5D2E5D801E60}.Release|Any CPU.Build.0 = Release|Any CPU
		{0902EDA1-FC2E-4736-B42A-5D2E5D801E60}.Release|x64.ActiveCfg = Release|Any CPU
		{0902EDA1-FC2E-4736-B42A-5D2E5D801E60}.Release|x64.Build.0 = Release|Any CPU
		{0902EDA1-FC2E-4736-B42A-5D2E5D801E60}.Release|x86.ActiveCfg = Release|Any CPU
		{0902EDA1-FC2E-4736-B42A-5D2E5D801E60}.Release|x86.Build.0 = Release|Any CPU
	EndGlobalSection
	GlobalSection(SolutionProperties) = preSolution
		HideSolutionNode = FALSE
	EndGlobalSection
	GlobalSection(NestedProjects) = preSolution
		{39066CB3-103B-43C3-A511-35FE4F175D59} = {827E0CD3-B72D-47B6-A68D-7590B98EB39B}
		{E81897B9-41EA-40BA-929E-A9FCD934BFE9} = {0C88DD14-F956-CE84-757C-A364CCF449FC}
		{14450616-B353-46E0-A592-8DFE8D8A1751} = {827E0CD3-B72D-47B6-A68D-7590B98EB39B}
		{6ED16F15-C5AC-464E-BD1D-7B0C1639B803} = {827E0CD3-B72D-47B6-A68D-7590B98EB39B}
		{0EC74B25-0D73-40E3-8C02-8AE9227FB3E2} = {0C88DD14-F956-CE84-757C-A364CCF449FC}
		{5FA0F1DE-0194-431C-8C92-7B0D0F710001} = {0C88DD14-F956-CE84-757C-A364CCF449FC}
		{5D396EB3-8340-4F3D-9190-765CEED9C11F} = {5D20AA90-6969-D8BD-9DCD-8634F4692FDA}
		{C292D2F4-D9BC-48A9-B7E0-BCB8C48B8A0C} = {5D20AA90-6969-D8BD-9DCD-8634F4692FDA}
		{0902EDA1-FC2E-4736-B42A-5D2E5D801E60} = {5D20AA90-6969-D8BD-9DCD-8634F4692FDA}
	EndGlobalSection
EndGlobal
